# This file is automatically @generated by Cargo.
# It is not intended for manual editing.
version = 4

[[package]]
name = "sluice-chunk"
version = "0.0.0"

[[package]]
name = "sluice-cli"
version = "0.0.0"

[[package]]
name = "sluice-core"
version = "0.0.0"

[[package]]
name = "sluice-crypto"
version = "0.0.0"

[[package]]
name = "sluice-engine"
version = "0.0.0"

[[package]]
name = "sluice-index"
version = "0.0.0"

[[package]]
name = "sluice-repo"
version = "0.0.0"

[[package]]
name = "sluice-scan"
version = "0.0.0"

[[package]]
name = "sluice-store"
version = "0.0.0"
